
Microsoft Visual Studio Solution File, Format Version 12.00
# Visual Studio Version 17
VisualStudioVersion = 17.8.34309.116
MinimumVisualStudioVersion = 10.0.40219.1
Project("{9A19103F-16F7-4668-BE54-9A1E7A4F7556}") = "ObjectiveManagerApp.UI", "ObjectiveManagerApp.UI\ObjectiveManagerApp.UI.csproj", "{25B820DD-C1AF-4ED8-9282-E5B87E1EDC68}"
EndProject
Project("{9A19103F-16F7-4668-BE54-9A1E7A4F7556}") = "ObjectiveManagerApp.Common", "ObjectiveManagerApp.Common\ObjectiveManagerApp.Common.csproj", "{E792F0E5-CBF4-4DD6-9425-066E1940C5BC}"
EndProject
Global
	GlobalSection(SolutionConfigurationPlatforms) = preSolution
		Debug|Any CPU = Debug|Any CPU
		Release|Any CPU = Release|Any CPU
	EndGlobalSection
	GlobalSection(ProjectConfigurationPlatforms) = postSolution
		{25B820DD-C1AF-4ED8-9282-E5B87E1EDC68}.Debug|Any CPU.ActiveCfg = Debug|Any CPU
		{25B820DD-C1AF-4ED8-9282-E5B87E1EDC68}.Debug|Any CPU.Build.0 = Debug|Any CPU
		{25B820DD-C1AF-4ED8-9282-E5B87E1EDC68}.Release|Any CPU.ActiveCfg = Release|Any CPU
		{25B820DD-C1AF-4ED8-9282-E5B87E1EDC68}.Release|Any CPU.Build.0 = Release|Any CPU
		{E792F0E5-CBF4-4DD6-9425-066E1940C5BC}.Debug|Any CPU.ActiveCfg = Debug|Any CPU
		{E792F0E5-CBF4-4DD6-9425-066E1940C5BC}.Debug|Any CPU.Build.0 = Debug|Any CPU
		{E792F0E5-CBF4-4DD6-9425-066E1940C5BC}.Release|Any CPU.ActiveCfg = Release|Any CPU
		{E792F0E5-CBF4-4DD6-9425-066E1940C5BC}.Release|Any CPU.Build.0 = Release|Any CPU
	EndGlobalSection
	GlobalSection(SolutionProperties) = preSolution
		HideSolutionNode = FALSE
	EndGlobalSection
	GlobalSection(ExtensibilityGlobals) = postSolution
		SolutionGuid = {EC01CAA5-9091-4854-9A9A-93C63CE64D10}
	EndGlobalSection
EndGlobal
